
Microsoft Visual Studio Solution File, Format Version 12.00
# Visual Studio Version 16
VisualStudioVersion = 16.0.31424.327
MinimumVisualStudioVersion = 10.0.40219.1
Project("{FAE04EC0-301F-11D3-BF4B-00C04F79EFBC}") = "Homework_03", "Homework_03\Homework_03.csproj", "{1CF7016C-E8CD-4335-865F-C69690F6E556}"
EndProject
Global
	GlobalSection(SolutionConfigurationPlatforms) = preSolution
		Debug|Any CPU = Debug|Any CPU
		Release|Any CPU = Release|Any CPU
	EndGlobalSection
	GlobalSection(ProjectConfigurationPlatforms) = postSolution
		{1CF7016C-E8CD-4335-865F-C69690F6E556}.Debug|Any CPU.ActiveCfg = Debug|Any CPU
		{1CF7016C-E8CD-4335-865F-C69690F6E556}.Debug|Any CPU.Build.0 = Debug|Any CPU
		{1CF7016C-E8CD-4335-865F-C69690F6E556}.Release|Any CPU.ActiveCfg = Release|Any CPU
		{1CF7016C-E8CD-4335-865F-C69690F6E556}.Release|Any CPU.Build.0 = Release|Any CPU
	EndGlobalSection
	GlobalSection(SolutionProperties) = preSolution
		HideSolutionNode = FALSE
	EndGlobalSection
	GlobalSection(ExtensibilityGlobals) = postSolution
		SolutionGuid = {AB855165-226C-4FBF-89B6-BC4516082DA2}
	EndGlobalSection
EndGlobal
